PODS:
  - MMMArrayChanges (0.1):
    - MMMArrayChanges/Swift (= 0.1)
  - MMMArrayChanges/Swift (0.1)
  - MMMArrayChanges/TestsSwift (0.1)

DEPENDENCIES:
  - MMMArrayChanges (from `../`)
  - MMMArrayChanges/TestsSwift (from `../`)

EXTERNAL SOURCES:
  MMMArrayChanges:
    :path: "../"

SPEC CHECKSUMS:
  MMMArrayChanges: e459bf8391e5c7b8abe441329312437661993161

PODFILE CHECKSUM: 1ba19d85ed0a20661bc8b5676703272a9c1113b3

COCOAPODS: 1.7.5
