// !$*UTF8*$!
{
	archiveVersion = 1;
	classes = {
	};
	objectVersion = 50;
	objects = {

/* Begin PBXBuildFile section */
		374644BF0D396DD40F66EDC0 /* libPods-MMMArrayChangesExample.a in Frameworks */ = {isa = PBXBuildFile; fileRef = 65E2B5CFB2073597422219B3 /* libPods-MMMArrayChangesExample.a */; };
		F291C0D2231447CC00C79729 /* AppDelegate.swift in Sources */ = {isa = PBXBuildFile; fileRef = F291C0D1231447CC00C79729 /* AppDelegate.swift */; };
		F291C0D9231447CD00C79729 /* Assets.xcassets in Resources */ = {isa = PBXBuildFile; fileRef = F291C0D8231447CD00C79729 /* Assets.xcassets */; };
		F291C0DC231447CD00C79729 /* LaunchScreen.storyboard in Resources */ = {isa = PBXBuildFile; fileRef = F291C0DA231447CD00C79729 /* LaunchScreen.storyboard */; };
		F291C0F42315565500C79729 /* CookieListViewController.swift in Sources */ = {isa = PBXBuildFile; fileRef = F291C0F32315565500C79729 /* CookieListViewController.swift */; };
		F291C0F6231561CC00C79729 /* CookieViewModel.swift in Sources */ = {isa = PBXBuildFile; fileRef = F291C0F5231561CC00C79729 /* CookieViewModel.swift */; };
		F291C0F8231566EE00C79729 /* CookieList.swift in Sources */ = {isa = PBXBuildFile; fileRef = F291C0F7231566EE00C79729 /* CookieList.swift */; };
		F291C0FA23156DF000C79729 /* PseudoRandomSequence.swift in Sources */ = {isa = PBXBuildFile; fileRef = F291C0F923156DF000C79729 /* PseudoRandomSequence.swift */; };
/* End PBXBuildFile section */

/* Begin PBXFileReference section */
		65E2B5CFB2073597422219B3 /* libPods-MMMArrayChangesExample.a */ = {isa = PBXFileReference; explicitFileType = archive.ar; includeInIndex = 0; path = "libPods-MMMArrayChangesExample.a"; sourceTree = BUILT_PRODUCTS_DIR; };
		734C3CBAC60487240587283C /* Pods-MMMArrayChangesExample.debug.xcconfig */ = {isa = PBXFileReference; includeInIndex = 1; lastKnownFileType = text.xcconfig; name = "Pods-MMMArrayChangesExample.debug.xcconfig"; path = "Target Support Files/Pods-MMMArrayChangesExample/Pods-MMMArrayChangesExample.debug.xcconfig"; sourceTree = "<group>"; };
		BF207FEFD20B950F6044C460 /* Pods-MMMArrayChangesExample.release.xcconfig */ = {isa = PBXFileReference; includeInIndex = 1; lastKnownFileType = text.xcconfig; name = "Pods-MMMArrayChangesExample.release.xcconfig"; path = "Target Support Files/Pods-MMMArrayChangesExample/Pods-MMMArrayChangesExample.release.xcconfig"; sourceTree = "<group>"; };
		F291C0CE231447CC00C79729 /* MMMArrayChangesExample.app */ = {isa = PBXFileReference; explicitFileType = wrapper.application; includeInIndex = 0; path = MMMArrayChangesExample.app; sourceTree = BUILT_PRODUCTS_DIR; };
		F291C0D1231447CC00C79729 /* AppDelegate.swift */ = {isa = PBXFileReference; lastKnownFileType = sourcecode.swift; path = AppDelegate.swift; sourceTree = "<group>"; };
		F291C0D8231447CD00C79729 /* Assets.xcassets */ = {isa = PBXFileReference; lastKnownFileType = folder.assetcatalog; path = Assets.xcassets; sourceTree = "<group>"; };
		F291C0DB231447CD00C79729 /* Base */ = {isa = PBXFileReference; lastKnownFileType = file.storyboard; name = Base; path = Base.lproj/LaunchScreen.storyboard; sourceTree = "<group>"; };
		F291C0DD231447CD00C79729 /* Info.plist */ = {isa = PBXFileReference; lastKnownFileType = text.plist.xml; path = Info.plist; sourceTree = "<group>"; };
		F291C0F32315565500C79729 /* CookieListViewController.swift */ = {isa = PBXFileReference; fileEncoding = 4; lastKnownFileType = sourcecode.swift; path = CookieListViewController.swift; sourceTree = "<group>"; };
		F291C0F5231561CC00C79729 /* CookieViewModel.swift */ = {isa = PBXFileReference; lastKnownFileType = sourcecode.swift; path = CookieViewModel.swift; sourceTree = "<group>"; };
		F291C0F7231566EE00C79729 /* CookieList.swift */ = {isa = PBXFileReference; lastKnownFileType = sourcecode.swift; path = CookieList.swift; sourceTree = "<group>"; };
		F291C0F923156DF000C79729 /* PseudoRandomSequence.swift */ = {isa = PBXFileReference; lastKnownFileType = sourcecode.swift; path = PseudoRandomSequence.swift; sourceTree = "<group>"; };
/* End PBXFileReference section */

/* Begin PBXFrameworksBuildPhase section */
		F291C0CB231447CC00C79729 /* Frameworks */ = {
			isa = PBXFrameworksBuildPhase;
			buildActionMask = 2147483647;
			files = (
				374644BF0D396DD40F66EDC0 /* libPods-MMMArrayChangesExample.a in Frameworks */,
			);
			runOnlyForDeploymentPostprocessing = 0;
		};
/* End PBXFrameworksBuildPhase section */

/* Begin PBXGroup section */
		3EB6DA53EC5D2527BC7A3C37 /* Frameworks */ = {
			isa = PBXGroup;
			children = (
				65E2B5CFB2073597422219B3 /* libPods-MMMArrayChangesExample.a */,
			);
			name = Frameworks;
			sourceTree = "<group>";
		};
		DEC15458D62E1F9D102CC7AA /* Pods */ = {
			isa = PBXGroup;
			children = (
				734C3CBAC60487240587283C /* Pods-MMMArrayChangesExample.debug.xcconfig */,
				BF207FEFD20B950F6044C460 /* Pods-MMMArrayChangesExample.release.xcconfig */,
			);
			path = Pods;
			sourceTree = "<group>";
		};
		F291C0C5231447CC00C79729 = {
			isa = PBXGroup;
			children = (
				F291C0D0231447CC00C79729 /* MMMArrayChangesExample */,
				F291C0CF231447CC00C79729 /* Products */,
				DEC15458D62E1F9D102CC7AA /* Pods */,
				3EB6DA53EC5D2527BC7A3C37 /* Frameworks */,
			);
			sourceTree = "<group>";
		};
		F291C0CF231447CC00C79729 /* Products */ = {
			isa = PBXGroup;
			children = (
				F291C0CE231447CC00C79729 /* MMMArrayChangesExample.app */,
			);
			name = Products;
			sourceTree = "<group>";
		};
		F291C0D0231447CC00C79729 /* MMMArrayChangesExample */ = {
			isa = PBXGroup;
			children = (
				F291C0D1231447CC00C79729 /* AppDelegate.swift */,
				F291C0D8231447CD00C79729 /* Assets.xcassets */,
				F291C0F7231566EE00C79729 /* CookieList.swift */,
				F291C0F32315565500C79729 /* CookieListViewController.swift */,
				F291C0F5231561CC00C79729 /* CookieViewModel.swift */,
				F291C0DD231447CD00C79729 /* Info.plist */,
				F291C0DA231447CD00C79729 /* LaunchScreen.storyboard */,
				F291C0F923156DF000C79729 /* PseudoRandomSequence.swift */,
			);
			path = MMMArrayChangesExample;
			sourceTree = "<group>";
		};
/* End PBXGroup section */

/* Begin PBXNativeTarget section */
		F291C0CD231447CC00C79729 /* MMMArrayChangesExample */ = {
			isa = PBXNativeTarget;
			buildConfigurationList = F291C0EB231447CD00C79729 /* Build configuration list for PBXNativeTarget "MMMArrayChangesExample" */;
			buildPhases = (
				05745BAEBC3D1029381D5537 /* [CP] Check Pods Manifest.lock */,
				F291C0CA231447CC00C79729 /* Sources */,
				F291C0CB231447CC00C79729 /* Frameworks */,
				F291C0CC231447CC00C79729 /* Resources */,
			);
			buildRules = (
			);
			dependencies = (
			);
			name = MMMArrayChangesExample;
			productName = MMMArrayChangesExample;
			productReference = F291C0CE231447CC00C79729 /* MMMArrayChangesExample.app */;
			productType = "com.apple.product-type.application";
		};
/* End PBXNativeTarget section */

/* Begin PBXProject section */
		F291C0C6231447CC00C79729 /* Project object */ = {
			isa = PBXProject;
			attributes = {
				LastSwiftUpdateCheck = 1010;
				LastUpgradeCheck = 1010;
				ORGANIZATIONNAME = "MediaMonks B.V.";
				TargetAttributes = {
					F291C0CD231447CC00C79729 = {
						CreatedOnToolsVersion = 10.1;
					};
				};
			};
			buildConfigurationList = F291C0C9231447CC00C79729 /* Build configuration list for PBXProject "MMMArrayChangesExample" */;
			compatibilityVersion = "Xcode 9.3";
			developmentRegion = en;
			hasScannedForEncodings = 0;
			knownRegions = (
				en,
				Base,
			);
			mainGroup = F291C0C5231447CC00C79729;
			productRefGroup = F291C0CF231447CC00C79729 /* Products */;
			projectDirPath = "";
			projectRoot = "";
			targets = (
				F291C0CD231447CC00C79729 /* MMMArrayChangesExample */,
			);
		};
/* End PBXProject section */

/* Begin PBXResourcesBuildPhase section */
		F291C0CC231447CC00C79729 /* Resources */ = {
			isa = PBXResourcesBuildPhase;
			buildActionMask = 2147483647;
			files = (
				F291C0DC231447CD00C79729 /* LaunchScreen.storyboard in Resources */,
				F291C0D9231447CD00C79729 /* Assets.xcassets in Resources */,
			);
			runOnlyForDeploymentPostprocessing = 0;
		};
/* End PBXResourcesBuildPhase section */

/* Begin PBXShellScriptBuildPhase section */
		05745BAEBC3D1029381D5537 /* [CP] Check Pods Manifest.lock */ = {
			isa = PBXShellScriptBuildPhase;
			buildActionMask = 2147483647;
			files = (
			);
			inputFileListPaths = (
			);
			inputPaths = (
				"${PODS_PODFILE_DIR_PATH}/Podfile.lock",
				"${PODS_ROOT}/Manifest.lock",
			);
			name = "[CP] Check Pods Manifest.lock";
			outputFileListPaths = (
			);
			outputPaths = (
				"$(DERIVED_FILE_DIR)/Pods-MMMArrayChangesExample-checkManifestLockResult.txt",
			);
			runOnlyForDeploymentPostprocessing = 0;
			shellPath = /bin/sh;
			shellScript = "diff \"${PODS_PODFILE_DIR_PATH}/Podfile.lock\" \"${PODS_ROOT}/Manifest.lock\" > /dev/null\nif [ $? != 0 ] ; then\n    # print error to STDERR\n    echo \"error: The sandbox is not in sync with the Podfile.lock. Run 'pod install' or update your CocoaPods installation.\" >&2\n    exit 1\nfi\n# This output is used by Xcode 'outputs' to avoid re-running this script phase.\necho \"SUCCESS\" > \"${SCRIPT_OUTPUT_FILE_0}\"\n";
			showEnvVarsInLog = 0;
		};
/* End PBXShellScriptBuildPhase section */

/* Begin PBXSourcesBuildPhase section */
		F291C0CA231447CC00C79729 /* Sources */ = {
			isa = PBXSourcesBuildPhase;
			buildActionMask = 2147483647;
			files = (
				F291C0FA23156DF000C79729 /* PseudoRandomSequence.swift in Sources */,
				F291C0F42315565500C79729 /* CookieListViewController.swift in Sources */,
				F291C0F8231566EE00C79729 /* CookieList.swift in Sources */,
				F291C0F6231561CC00C79729 /* CookieViewModel.swift in Sources */,
				F291C0D2231447CC00C79729 /* AppDelegate.swift in Sources */,
			);
			runOnlyForDeploymentPostprocessing = 0;
		};
/* End PBXSourcesBuildPhase section */

/* Begin PBXVariantGroup section */
		F291C0DA231447CD00C79729 /* LaunchScreen.storyboard */ = {
			isa = PBXVariantGroup;
			children = (
				F291C0DB231447CD00C79729 /* Base */,
			);
			name = LaunchScreen.storyboard;
			sourceTree = "<group>";
		};
/* End PBXVariantGroup section */

/* Begin XCBuildConfiguration section */
		F291C0E9231447CD00C79729 /* Debug */ = {
			isa = XCBuildConfiguration;
			buildSettings = {
				ALWAYS_SEARCH_USER_PATHS = NO;
				CLANG_ANALYZER_NONNULL = YES;
				CLANG_ANALYZER_NUMBER_OBJECT_CONVERSION = YES_AGGRESSIVE;
				CLANG_CXX_LANGUAGE_STANDARD = "gnu++14";
				CLANG_CXX_LIBRARY = "libc++";
				CLANG_ENABLE_MODULES = YES;
				CLANG_ENABLE_OBJC_ARC = YES;
				CLANG_ENABLE_OBJC_WEAK = YES;
				CLANG_WARN_BLOCK_CAPTURE_AUTORELEASING = YES;
				CLANG_WARN_BOOL_CONVERSION = YES;
				CLANG_WARN_COMMA = YES;
				CLANG_WARN_CONSTANT_CONVERSION = YES;
				CLANG_WARN_DEPRECATED_OBJC_IMPLEMENTATIONS = YES;
				CLANG_WARN_DIRECT_OBJC_ISA_USAGE = YES_ERROR;
				CLANG_WARN_DOCUMENTATION_COMMENTS = YES;
				CLANG_WARN_EMPTY_BODY = YES;
				CLANG_WARN_ENUM_CONVERSION = YES;
				CLANG_WARN_INFINITE_RECURSION = YES;
				CLANG_WARN_INT_CONVERSION = YES;
				CLANG_WARN_NON_LITERAL_NULL_CONVERSION = YES;
				CLANG_WARN_OBJC_IMPLICIT_RETAIN_SELF = YES;
				CLANG_WARN_OBJC_LITERAL_CONVERSION = YES;
				CLANG_WARN_OBJC_ROOT_CLASS = YES_ERROR;
				CLANG_WARN_RANGE_LOOP_ANALYSIS = YES;
				CLANG_WARN_STRICT_PROTOTYPES = YES;
				CLANG_WARN_SUSPICIOUS_MOVE = YES;
				CLANG_WARN_UNGUARDED_AVAILABILITY = YES_AGGRESSIVE;
				CLANG_WARN_UNREACHABLE_CODE = YES;
				CLANG_WARN__DUPLICATE_METHOD_MATCH = YES;
				CODE_SIGN_IDENTITY = "iPhone Developer";
				COPY_PHASE_STRIP = NO;
				DEBUG_INFORMATION_FORMAT = dwarf;
				ENABLE_STRICT_OBJC_MSGSEND = YES;
				ENABLE_TESTABILITY = YES;
				GCC_C_LANGUAGE_STANDARD = gnu11;
				GCC_DYNAMIC_NO_PIC = NO;
				GCC_NO_COMMON_BLOCKS = YES;
				GCC_OPTIMIZATION_LEVEL = 0;
				GCC_PREPROCESSOR_DEFINITIONS = (
					"DEBUG=1",
					"$(inherited)",
				);
				GCC_WARN_64_TO_32_BIT_CONVERSION = YES;
				GCC_WARN_ABOUT_RETURN_TYPE = YES_ERROR;
				GCC_WARN_UNDECLARED_SELECTOR = YES;
				GCC_WARN_UNINITIALIZED_AUTOS = YES_AGGRESSIVE;
				GCC_WARN_UNUSED_FUNCTION = YES;
				GCC_WARN_UNUSED_VARIABLE = YES;
				IPHONEOS_DEPLOYMENT_TARGET = 12.1;
				MTL_ENABLE_DEBUG_INFO = INCLUDE_SOURCE;
				MTL_FAST_MATH = YES;
				ONLY_ACTIVE_ARCH = YES;
				SDKROOT = iphoneos;
				SWIFT_ACTIVE_COMPILATION_CONDITIONS = DEBUG;
				SWIFT_OPTIMIZATION_LEVEL = "-Onone";
			};
			name = Debug;
		};
		F291C0EA231447CD00C79729 /* Release */ = {
			isa = XCBuildConfiguration;
			buildSettings = {
				ALWAYS_SEARCH_USER_PATHS = NO;
				CLANG_ANALYZER_NONNULL = YES;
				CLANG_ANALYZER_NUMBER_OBJECT_CONVERSION = YES_AGGRESSIVE;
				CLANG_CXX_LANGUAGE_STANDARD = "gnu++14";
				CLANG_CXX_LIBRARY = "libc++";
				CLANG_ENABLE_MODULES = YES;
				CLANG_ENABLE_OBJC_ARC = YES;
				CLANG_ENABLE_OBJC_WEAK = YES;
				CLANG_WARN_BLOCK_CAPTURE_AUTORELEASING = YES;
				CLANG_WARN_BOOL_CONVERSION = YES;
				CLANG_WARN_COMMA = YES;
				CLANG_WARN_CONSTANT_CONVERSION = YES;
				CLANG_WARN_DEPRECATED_OBJC_IMPLEMENTATIONS = YES;
				CLANG_WARN_DIRECT_OBJC_ISA_USAGE = YES_ERROR;
				CLANG_WARN_DOCUMENTATION_COMMENTS = YES;
				CLANG_WARN_EMPTY_BODY = YES;
				CLANG_WARN_ENUM_CONVERSION = YES;
				CLANG_WARN_INFINITE_RECURSION = YES;
				CLANG_WARN_INT_CONVERSION = YES;
				CLANG_WARN_NON_LITERAL_NULL_CONVERSION = YES;
				CLANG_WARN_OBJC_IMPLICIT_RETAIN_SELF = YES;
				CLANG_WARN_OBJC_LITERAL_CONVERSION = YES;
				CLANG_WARN_OBJC_ROOT_CLASS = YES_ERROR;
				CLANG_WARN_RANGE_LOOP_ANALYSIS = YES;
				CLANG_WARN_STRICT_PROTOTYPES = YES;
				CLANG_WARN_SUSPICIOUS_MOVE = YES;
				CLANG_WARN_UNGUARDED_AVAILABILITY = YES_AGGRESSIVE;
				CLANG_WARN_UNREACHABLE_CODE = YES;
				CLANG_WARN__DUPLICATE_METHOD_MATCH = YES;
				CODE_SIGN_IDENTITY = "iPhone Developer";
				COPY_PHASE_STRIP = NO;
				DEBUG_INFORMATION_FORMAT = "dwarf-with-dsym";
				ENABLE_NS_ASSERTIONS = NO;
				ENABLE_STRICT_OBJC_MSGSEND = YES;
				GCC_C_LANGUAGE_STANDARD = gnu11;
				GCC_NO_COMMON_BLOCKS = YES;
				GCC_WARN_64_TO_32_BIT_CONVERSION = YES;
				GCC_WARN_ABOUT_RETURN_TYPE = YES_ERROR;
				GCC_WARN_UNDECLARED_SELECTOR = YES;
				GCC_WARN_UNINITIALIZED_AUTOS = YES_AGGRESSIVE;
				GCC_WARN_UNUSED_FUNCTION = YES;
				GCC_WARN_UNUSED_VARIABLE = YES;
				IPHONEOS_DEPLOYMENT_TARGET = 12.1;
				MTL_ENABLE_DEBUG_INFO = NO;
				MTL_FAST_MATH = YES;
				SDKROOT = iphoneos;
				SWIFT_COMPILATION_MODE = wholemodule;
				SWIFT_OPTIMIZATION_LEVEL = "-O";
				VALIDATE_PRODUCT = YES;
			};
			name = Release;
		};
		F291C0EC231447CD00C79729 /* Debug */ = {
			isa = XCBuildConfiguration;
			baseConfigurationReference = 734C3CBAC60487240587283C /* Pods-MMMArrayChangesExample.debug.xcconfig */;
			buildSettings = {
				ASSETCATALOG_COMPILER_APPICON_NAME = AppIcon;
				CODE_SIGN_STYLE = Automatic;
				INFOPLIST_FILE = MMMArrayChangesExample/Info.plist;
				LD_RUNPATH_SEARCH_PATHS = (
					"$(inherited)",
					"@executable_path/Frameworks",
				);
				PRODUCT_BUNDLE_IDENTIFIER = com.mediamonks.MMMArrayChangesExample;
				PRODUCT_NAME = "$(TARGET_NAME)";
				SWIFT_VERSION = 4.2;
				TARGETED_DEVICE_FAMILY = "1,2";
			};
			name = Debug;
		};
		F291C0ED231447CD00C79729 /* Release */ = {
			isa = XCBuildConfiguration;
			baseConfigurationReference = BF207FEFD20B950F6044C460 /* Pods-MMMArrayChangesExample.release.xcconfig */;
			buildSettings = {
				ASSETCATALOG_COMPILER_APPICON_NAME = AppIcon;
				CODE_SIGN_STYLE = Automatic;
				INFOPLIST_FILE = MMMArrayChangesExample/Info.plist;
				LD_RUNPATH_SEARCH_PATHS = (
					"$(inherited)",
					"@executable_path/Frameworks",
				);
				PRODUCT_BUNDLE_IDENTIFIER = com.mediamonks.MMMArrayChangesExample;
				PRODUCT_NAME = "$(TARGET_NAME)";
				SWIFT_VERSION = 4.2;
				TARGETED_DEVICE_FAMILY = "1,2";
			};
			name = Release;
		};
/* End XCBuildConfiguration section */

/* Begin XCConfigurationList section */
		F291C0C9231447CC00C79729 /* Build configuration list for PBXProject "MMMArrayChangesExample" */ = {
			isa = XCConfigurationList;
			buildConfigurations = (
				F291C0E9231447CD00C79729 /* Debug */,
				F291C0EA231447CD00C79729 /* Release */,
			);
			defaultConfigurationIsVisible = 0;
			defaultConfigurationName = Release;
		};
		F291C0EB231447CD00C79729 /* Build configuration list for PBXNativeTarget "MMMArrayChangesExample" */ = {
			isa = XCConfigurationList;
			buildConfigurations = (
				F291C0EC231447CD00C79729 /* Debug */,
				F291C0ED231447CD00C79729 /* Release */,
			);
			defaultConfigurationIsVisible = 0;
			defaultConfigurationName = Release;
		};
/* End XCConfigurationList section */
	};
	rootObject = F291C0C6231447CC00C79729 /* Project object */;
}
